
Microsoft Visual Studio Solution File, Format Version 12.00
# Visual Studio Version 17
VisualStudioVersion = 17.0.31903.59
MinimumVisualStudioVersion = 10.0.40219.1
Project("{2150E333-8FDC-42A3-9474-1A3956D46DE8}") = "src", "src", "{C6EA722A-8722-4994-B52F-B358C0F9F8F4}"
EndProject
Project("{FAE04EC0-301F-11D3-BF4B-00C04F79EFBC}") = "DevOpsSite.Domain", "src\DevOpsSite.Domain\DevOpsSite.Domain.csproj", "{3B8F0893-792A-412E-A472-48BF4F344EEB}"
EndProject
Project("{FAE04EC0-301F-11D3-BF4B-00C04F79EFBC}") = "DevOpsSite.Application", "src\DevOpsSite.Application\DevOpsSite.Application.csproj", "{854FAF10-A4BC-4FE6-AE84-2B8B1F063CE2}"
EndProject
Project("{FAE04EC0-301F-11D3-BF4B-00C04F79EFBC}") = "DevOpsSite.Adapters", "src\DevOpsSite.Adapters\DevOpsSite.Adapters.csproj", "{550C77EB-61FB-4538-A759-1F0124898303}"
EndProject
Project("{FAE04EC0-301F-11D3-BF4B-00C04F79EFBC}") = "DevOpsSite.Host", "src\DevOpsSite.Host\DevOpsSite.Host.csproj", "{00DC3994-3CCD-4D54-8A52-0470B7E5A234}"
EndProject
Project("{2150E333-8FDC-42A3-9474-1A3956D46DE8}") = "tests", "tests", "{5A4868FB-D873-4115-A9CD-5CD17CE636E8}"
EndProject
Project("{FAE04EC0-301F-11D3-BF4B-00C04F79EFBC}") = "DevOpsSite.Domain.Tests", "tests\DevOpsSite.Domain.Tests\DevOpsSite.Domain.Tests.csproj", "{7ADFDD59-2C5D-4351-8CD7-4B85D35A840F}"
EndProject
Project("{FAE04EC0-301F-11D3-BF4B-00C04F79EFBC}") = "DevOpsSite.Application.Tests", "tests\DevOpsSite.Application.Tests\DevOpsSite.Application.Tests.csproj", "{FE2FE8A4-DE73-4BF4-8639-CE478DF7738E}"
EndProject
Project("{FAE04EC0-301F-11D3-BF4B-00C04F79EFBC}") = "DevOpsSite.Adapters.Tests", "tests\DevOpsSite.Adapters.Tests\DevOpsSite.Adapters.Tests.csproj", "{7BE6E0D2-1EDD-4356-B1E8-C218CCEC2302}"
EndProject
Project("{FAE04EC0-301F-11D3-BF4B-00C04F79EFBC}") = "DevOpsSite.Architecture.Tests", "tests\DevOpsSite.Architecture.Tests\DevOpsSite.Architecture.Tests.csproj", "{8BC9AD1F-B719-4099-A365-00D7ACBF975E}"
EndProject
Project("{FAE04EC0-301F-11D3-BF4B-00C04F79EFBC}") = "DevOpsSite.Contracts.Tests", "tests\DevOpsSite.Contracts.Tests\DevOpsSite.Contracts.Tests.csproj", "{92412A6C-69D0-42AA-A6E0-5C0DEA7A98DF}"
EndProject
Project("{FAE04EC0-301F-11D3-BF4B-00C04F79EFBC}") = "DevOpsSite.Worker", "src\DevOpsSite.Worker\DevOpsSite.Worker.csproj", "{75CA76CE-1C76-4DB3-9655-53B01BD58002}"
EndProject
Project("{FAE04EC0-301F-11D3-BF4B-00C04F79EFBC}") = "DevOpsSite.Worker.Tests", "tests\DevOpsSite.Worker.Tests\DevOpsSite.Worker.Tests.csproj", "{F87C588B-FC9F-4DC5-9A7F-C9B3766F3A56}"
EndProject
Global
	GlobalSection(SolutionConfigurationPlatforms) = preSolution
		Debug|Any CPU = Debug|Any CPU
		Release|Any CPU = Release|Any CPU
	EndGlobalSection
	GlobalSection(SolutionProperties) = preSolution
		HideSolutionNode = FALSE
	EndGlobalSection
	GlobalSection(ProjectConfigurationPlatforms) = postSolution
		{3B8F0893-792A-412E-A472-48BF4F344EEB}.Debug|Any CPU.ActiveCfg = Debug|Any CPU
		{3B8F0893-792A-412E-A472-48BF4F344EEB}.Debug|Any CPU.Build.0 = Debug|Any CPU
		{3B8F0893-792A-412E-A472-48BF4F344EEB}.Release|Any CPU.ActiveCfg = Release|Any CPU
		{3B8F0893-792A-412E-A472-48BF4F344EEB}.Release|Any CPU.Build.0 = Release|Any CPU
		{854FAF10-A4BC-4FE6-AE84-2B8B1F063CE2}.Debug|Any CPU.ActiveCfg = Debug|Any CPU
		{854FAF10-A4BC-4FE6-AE84-2B8B1F063CE2}.Debug|Any CPU.Build.0 = Debug|Any CPU
		{854FAF10-A4BC-4FE6-AE84-2B8B1F063CE2}.Release|Any CPU.ActiveCfg = Release|Any CPU
		{854FAF10-A4BC-4FE6-AE84-2B8B1F063CE2}.Release|Any CPU.Build.0 = Release|Any CPU
		{550C77EB-61FB-4538-A759-1F0124898303}.Debug|Any CPU.ActiveCfg = Debug|Any CPU
		{550C77EB-61FB-4538-A759-1F0124898303}.Debug|Any CPU.Build.0 = Debug|Any CPU
		{550C77EB-61FB-4538-A759-1F0124898303}.Release|Any CPU.ActiveCfg = Release|Any CPU
		{550C77EB-61FB-4538-A759-1F0124898303}.Release|Any CPU.Build.0 = Release|Any CPU
		{00DC3994-3CCD-4D54-8A52-0470B7E5A234}.Debug|Any CPU.ActiveCfg = Debug|Any CPU
		{00DC3994-3CCD-4D54-8A52-0470B7E5A234}.Debug|Any CPU.Build.0 = Debug|Any CPU
		{00DC3994-3CCD-4D54-8A52-0470B7E5A234}.Release|Any CPU.ActiveCfg = Release|Any CPU
		{00DC3994-3CCD-4D54-8A52-0470B7E5A234}.Release|Any CPU.Build.0 = Release|Any CPU
		{7ADFDD59-2C5D-4351-8CD7-4B85D35A840F}.Debug|Any CPU.ActiveCfg = Debug|Any CPU
		{7ADFDD59-2C5D-4351-8CD7-4B85D35A840F}.Debug|Any CPU.Build.0 = Debug|Any CPU
		{7ADFDD59-2C5D-4351-8CD7-4B85D35A840F}.Release|Any CPU.ActiveCfg = Release|Any CPU
		{7ADFDD59-2C5D-4351-8CD7-4B85D35A840F}.Release|Any CPU.Build.0 = Release|Any CPU
		{FE2FE8A4-DE73-4BF4-8639-CE478DF7738E}.Debug|Any CPU.ActiveCfg = Debug|Any CPU
		{FE2FE8A4-DE73-4BF4-8639-CE478DF7738E}.Debug|Any CPU.Build.0 = Debug|Any CPU
		{FE2FE8A4-DE73-4BF4-8639-CE478DF7738E}.Release|Any CPU.ActiveCfg = Release|Any CPU
		{FE2FE8A4-DE73-4BF4-8639-CE478DF7738E}.Release|Any CPU.Build.0 = Release|Any CPU
		{7BE6E0D2-1EDD-4356-B1E8-C218CCEC2302}.Debug|Any CPU.ActiveCfg = Debug|Any CPU
		{7BE6E0D2-1EDD-4356-B1E8-C218CCEC2302}.Debug|Any CPU.Build.0 = Debug|Any CPU
		{7BE6E0D2-1EDD-4356-B1E8-C218CCEC2302}.Release|Any CPU.ActiveCfg = Release|Any CPU
		{7BE6E0D2-1EDD-4356-B1E8-C218CCEC2302}.Release|Any CPU.Build.0 = Release|Any CPU
		{8BC9AD1F-B719-4099-A365-00D7ACBF975E}.Debug|Any CPU.ActiveCfg = Debug|Any CPU
		{8BC9AD1F-B719-4099-A365-00D7ACBF975E}.Debug|Any CPU.Build.0 = Debug|Any CPU
		{8BC9AD1F-B719-4099-A365-00D7ACBF975E}.Release|Any CPU.ActiveCfg = Release|Any CPU
		{8BC9AD1F-B719-4099-A365-00D7ACBF975E}.Release|Any CPU.Build.0 = Release|Any CPU
		{92412A6C-69D0-42AA-A6E0-5C0DEA7A98DF}.Debug|Any CPU.ActiveCfg = Debug|Any CPU
		{92412A6C-69D0-42AA-A6E0-5C0DEA7A98DF}.Debug|Any CPU.Build.0 = Debug|Any CPU
		{92412A6C-69D0-42AA-A6E0-5C0DEA7A98DF}.Release|Any CPU.ActiveCfg = Release|Any CPU
		{92412A6C-69D0-42AA-A6E0-5C0DEA7A98DF}.Release|Any CPU.Build.0 = Release|Any CPU
		{75CA76CE-1C76-4DB3-9655-53B01BD58002}.Debug|Any CPU.ActiveCfg = Debug|Any CPU
		{75CA76CE-1C76-4DB3-9655-53B01BD58002}.Debug|Any CPU.Build.0 = Debug|Any CPU
		{75CA76CE-1C76-4DB3-9655-53B01BD58002}.Release|Any CPU.ActiveCfg = Release|Any CPU
		{75CA76CE-1C76-4DB3-9655-53B01BD58002}.Release|Any CPU.Build.0 = Release|Any CPU
		{F87C588B-FC9F-4DC5-9A7F-C9B3766F3A56}.Debug|Any CPU.ActiveCfg = Debug|Any CPU
		{F87C588B-FC9F-4DC5-9A7F-C9B3766F3A56}.Debug|Any CPU.Build.0 = Debug|Any CPU
		{F87C588B-FC9F-4DC5-9A7F-C9B3766F3A56}.Release|Any CPU.ActiveCfg = Release|Any CPU
		{F87C588B-FC9F-4DC5-9A7F-C9B3766F3A56}.Release|Any CPU.Build.0 = Release|Any CPU
	EndGlobalSection
	GlobalSection(NestedProjects) = preSolution
		{3B8F0893-792A-412E-A472-48BF4F344EEB} = {C6EA722A-8722-4994-B52F-B358C0F9F8F4}
		{854FAF10-A4BC-4FE6-AE84-2B8B1F063CE2} = {C6EA722A-8722-4994-B52F-B358C0F9F8F4}
		{550C77EB-61FB-4538-A759-1F0124898303} = {C6EA722A-8722-4994-B52F-B358C0F9F8F4}
		{00DC3994-3CCD-4D54-8A52-0470B7E5A234} = {C6EA722A-8722-4994-B52F-B358C0F9F8F4}
		{7ADFDD59-2C5D-4351-8CD7-4B85D35A840F} = {5A4868FB-D873-4115-A9CD-5CD17CE636E8}
		{FE2FE8A4-DE73-4BF4-8639-CE478DF7738E} = {5A4868FB-D873-4115-A9CD-5CD17CE636E8}
		{7BE6E0D2-1EDD-4356-B1E8-C218CCEC2302} = {5A4868FB-D873-4115-A9CD-5CD17CE636E8}
		{8BC9AD1F-B719-4099-A365-00D7ACBF975E} = {5A4868FB-D873-4115-A9CD-5CD17CE636E8}
		{92412A6C-69D0-42AA-A6E0-5C0DEA7A98DF} = {5A4868FB-D873-4115-A9CD-5CD17CE636E8}
		{75CA76CE-1C76-4DB3-9655-53B01BD58002} = {C6EA722A-8722-4994-B52F-B358C0F9F8F4}
		{F87C588B-FC9F-4DC5-9A7F-C9B3766F3A56} = {5A4868FB-D873-4115-A9CD-5CD17CE636E8}
	EndGlobalSection
EndGlobal
